
Microsoft Visual Studio Solution File, Format Version 12.00
# Visual Studio 15
VisualStudioVersion = 15.0.28307.572
MinimumVisualStudioVersion = 10.0.40219.1
Project("{FAE04EC0-301F-11D3-BF4B-00C04F79EFBC}") = "SignalRDemoWithAngularWebApi", "SignalRDemoWithAngularWebApi\SignalRDemoWithAngularWebApi.csproj", "{84473DAA-6E4C-4222-8F90-13C938BA3A62}"
EndProject
Global
	GlobalSection(SolutionConfigurationPlatforms) = preSolution
		Debug|Any CPU = Debug|Any CPU
		Release|Any CPU = Release|Any CPU
	EndGlobalSection
	GlobalSection(ProjectConfigurationPlatforms) = postSolution
		{84473DAA-6E4C-4222-8F90-13C938BA3A62}.Debug|Any CPU.ActiveCfg = Debug|Any CPU
		{84473DAA-6E4C-4222-8F90-13C938BA3A62}.Debug|Any CPU.Build.0 = Debug|Any CPU
		{84473DAA-6E4C-4222-8F90-13C938BA3A62}.Release|Any CPU.ActiveCfg = Release|Any CPU
		{84473DAA-6E4C-4222-8F90-13C938BA3A62}.Release|Any CPU.Build.0 = Release|Any CPU
	EndGlobalSection
	GlobalSection(SolutionProperties) = preSolution
		HideSolutionNode = FALSE
	EndGlobalSection
	GlobalSection(ExtensibilityGlobals) = postSolution
		SolutionGuid = {44FFE815-C7D5-4DEE-9B9C-9F60ED11A0F5}
	EndGlobalSection
EndGlobal
